// !$*UTF8*$!
{
	archiveVersion = 1;
	classes = {
	};
	objectVersion = 48;
	objects = {

/* Begin PBXBuildFile section */
		423C2EB020DEE17500214DE8 /* king.png in Resources */ = {isa = PBXBuildFile; fileRef = 423C2EAF20DEE17500214DE8 /* king.png */; };
		427ABA1B20DEA4440005F401 /* CollectData.swift in Sources */ = {isa = PBXBuildFile; fileRef = 427ABA1A20DEA4440005F401 /* CollectData.swift */; };
		427ABA2220DEDD8D0005F401 /* Assets.xcassets in Resources */ = {isa = PBXBuildFile; fileRef = 427DE3FE20AD51730019BD58 /* Assets.xcassets */; };
		427DE3F520AD51730019BD58 /* AppDelegate.swift in Sources */ = {isa = PBXBuildFile; fileRef = 427DE3F420AD51730019BD58 /* AppDelegate.swift */; };
		427DE3FA20AD51730019BD58 /* Main.storyboard in Resources */ = {isa = PBXBuildFile; fileRef = 427DE3F820AD51730019BD58 /* Main.storyboard */; };
		427DE3FD20AD51730019BD58 /* Project2.xcdatamodeld in Sources */ = {isa = PBXBuildFile; fileRef = 427DE3FB20AD51730019BD58 /* Project2.xcdatamodeld */; };
		427DE40220AD51730019BD58 /* LaunchScreen.storyboard in Resources */ = {isa = PBXBuildFile; fileRef = 427DE40020AD51730019BD58 /* LaunchScreen.storyboard */; };
		427DE41220BC598D0019BD58 /* WorkViewController.swift in Sources */ = {isa = PBXBuildFile; fileRef = 427DE41120BC598D0019BD58 /* WorkViewController.swift */; };
		427DE41420BC59C50019BD58 /* JoinViewController.swift in Sources */ = {isa = PBXBuildFile; fileRef = 427DE41320BC59C50019BD58 /* JoinViewController.swift */; };
		427DE41620BC59F70019BD58 /* WarnTableViewController.swift in Sources */ = {isa = PBXBuildFile; fileRef = 427DE41520BC59F70019BD58 /* WarnTableViewController.swift */; };
		427DE41820BC5A1B0019BD58 /* CollectTableViewController.swift in Sources */ = {isa = PBXBuildFile; fileRef = 427DE41720BC5A1B0019BD58 /* CollectTableViewController.swift */; };
		427DE41A20BC5A980019BD58 /* WarnAddViewController.swift in Sources */ = {isa = PBXBuildFile; fileRef = 427DE41920BC5A980019BD58 /* WarnAddViewController.swift */; };
		427DE41C20BC5ABB0019BD58 /* WarnCheckViewController.swift in Sources */ = {isa = PBXBuildFile; fileRef = 427DE41B20BC5ABB0019BD58 /* WarnCheckViewController.swift */; };
		427DE41E20BC5AD90019BD58 /* CollectAddViewController.swift in Sources */ = {isa = PBXBuildFile; fileRef = 427DE41D20BC5AD90019BD58 /* CollectAddViewController.swift */; };
		427DE42020BC5AF60019BD58 /* CollectCheckViewController.swift in Sources */ = {isa = PBXBuildFile; fileRef = 427DE41F20BC5AF60019BD58 /* CollectCheckViewController.swift */; };
		429FC50E20D94C9500BD07D5 /* ViewController.swift in Sources */ = {isa = PBXBuildFile; fileRef = 429FC50D20D94C9500BD07D5 /* ViewController.swift */; };
		429FC51020D9622F00BD07D5 /* logout.png in Resources */ = {isa = PBXBuildFile; fileRef = 429FC50F20D9622F00BD07D5 /* logout.png */; };
		429FC51220D995C800BD07D5 /* WarnData.swift in Sources */ = {isa = PBXBuildFile; fileRef = 429FC51120D995C800BD07D5 /* WarnData.swift */; };
/* End PBXBuildFile section */

/* Begin PBXFileReference section */
		423C2EAF20DEE17500214DE8 /* king.png */ = {isa = PBXFileReference; lastKnownFileType = image.png; path = king.png; sourceTree = "<group>"; };
		427ABA1A20DEA4440005F401 /* CollectData.swift */ = {isa = PBXFileReference; lastKnownFileType = sourcecode.swift; path = CollectData.swift; sourceTree = "<group>"; };
		427DE3F120AD51730019BD58 /* Project2.app */ = {isa = PBXFileReference; explicitFileType = wrapper.application; includeInIndex = 0; path = Project2.app; sourceTree = BUILT_PRODUCTS_DIR; };
		427DE3F420AD51730019BD58 /* AppDelegate.swift */ = {isa = PBXFileReference; lastKnownFileType = sourcecode.swift; path = AppDelegate.swift; sourceTree = "<group>"; };
		427DE3F920AD51730019BD58 /* Base */ = {isa = PBXFileReference; lastKnownFileType = file.storyboard; name = Base; path = Base.lproj/Main.storyboard; sourceTree = "<group>"; };
		427DE3FC20AD51730019BD58 /* Project2.xcdatamodel */ = {isa = PBXFileReference; lastKnownFileType = wrapper.xcdatamodel; path = Project2.xcdatamodel; sourceTree = "<group>"; };
		427DE3FE20AD51730019BD58 /* Assets.xcassets */ = {isa = PBXFileReference; lastKnownFileType = folder.assetcatalog; path = Assets.xcassets; sourceTree = "<group>"; };
		427DE40120AD51730019BD58 /* Base */ = {isa = PBXFileReference; lastKnownFileType = file.storyboard; name = Base; path = Base.lproj/LaunchScreen.storyboard; sourceTree = "<group>"; };
		427DE40320AD51730019BD58 /* Info.plist */ = {isa = PBXFileReference; lastKnownFileType = text.plist.xml; path = Info.plist; sourceTree = "<group>"; };
		427DE41120BC598D0019BD58 /* WorkViewController.swift */ = {isa = PBXFileReference; lastKnownFileType = sourcecode.swift; path = WorkViewController.swift; sourceTree = "<group>"; };
		427DE41320BC59C50019BD58 /* JoinViewController.swift */ = {isa = PBXFileReference; lastKnownFileType = sourcecode.swift; path = JoinViewController.swift; sourceTree = "<group>"; };
		427DE41520BC59F70019BD58 /* WarnTableViewController.swift */ = {isa = PBXFileReference; lastKnownFileType = sourcecode.swift; path = WarnTableViewController.swift; sourceTree = "<group>"; };
		427DE41720BC5A1B0019BD58 /* CollectTableViewController.swift */ = {isa = PBXFileReference; lastKnownFileType = sourcecode.swift; path = CollectTableViewController.swift; sourceTree = "<group>"; };
		427DE41920BC5A980019BD58 /* WarnAddViewController.swift */ = {isa = PBXFileReference; lastKnownFileType = sourcecode.swift; path = WarnAddViewController.swift; sourceTree = "<group>"; };
		427DE41B20BC5ABB0019BD58 /* WarnCheckViewController.swift */ = {isa = PBXFileReference; lastKnownFileType = sourcecode.swift; path = WarnCheckViewController.swift; sourceTree = "<group>"; };
		427DE41D20BC5AD90019BD58 /* CollectAddViewController.swift */ = {isa = PBXFileReference; lastKnownFileType = sourcecode.swift; path = CollectAddViewController.swift; sourceTree = "<group>"; };
		427DE41F20BC5AF60019BD58 /* CollectCheckViewController.swift */ = {isa = PBXFileReference; lastKnownFileType = sourcecode.swift; path = CollectCheckViewController.swift; sourceTree = "<group>"; };
		429FC50D20D94C9500BD07D5 /* ViewController.swift */ = {isa = PBXFileReference; lastKnownFileType = sourcecode.swift; path = ViewController.swift; sourceTree = "<group>"; };
		429FC50F20D9622F00BD07D5 /* logout.png */ = {isa = PBXFileReference; lastKnownFileType = image.png; path = logout.png; sourceTree = "<group>"; };
		429FC51120D995C800BD07D5 /* WarnData.swift */ = {isa = PBXFileReference; lastKnownFileType = sourcecode.swift; path = WarnData.swift; sourceTree = "<group>"; };
/* End PBXFileReference section */

/* Begin PBXFrameworksBuildPhase section */
		427DE3EE20AD51730019BD58 /* Frameworks */ = {
			isa = PBXFrameworksBuildPhase;
			buildActionMask = 2147483647;
			files = (
			);
			runOnlyForDeploymentPostprocessing = 0;
		};
/* End PBXFrameworksBuildPhase section */

/* Begin PBXGroup section */
		427DE3E820AD51730019BD58 = {
			isa = PBXGroup;
			children = (
				427DE3F320AD51730019BD58 /* Project2 */,
				427DE3F220AD51730019BD58 /* Products */,
			);
			sourceTree = "<group>";
		};
		427DE3F220AD51730019BD58 /* Products */ = {
			isa = PBXGroup;
			children = (
				427DE3F120AD51730019BD58 /* Project2.app */,
			);
			name = Products;
			sourceTree = "<group>";
		};
		427DE3F320AD51730019BD58 /* Project2 */ = {
			isa = PBXGroup;
			children = (
				423C2EAF20DEE17500214DE8 /* king.png */,
				429FC50F20D9622F00BD07D5 /* logout.png */,
				427DE3F420AD51730019BD58 /* AppDelegate.swift */,
				429FC50D20D94C9500BD07D5 /* ViewController.swift */,
				427DE41120BC598D0019BD58 /* WorkViewController.swift */,
				427DE41320BC59C50019BD58 /* JoinViewController.swift */,
				427DE41520BC59F70019BD58 /* WarnTableViewController.swift */,
				427DE41920BC5A980019BD58 /* WarnAddViewController.swift */,
				427DE41B20BC5ABB0019BD58 /* WarnCheckViewController.swift */,
				427DE41720BC5A1B0019BD58 /* CollectTableViewController.swift */,
				427DE41D20BC5AD90019BD58 /* CollectAddViewController.swift */,
				427DE41F20BC5AF60019BD58 /* CollectCheckViewController.swift */,
				429FC51120D995C800BD07D5 /* WarnData.swift */,
				427ABA1A20DEA4440005F401 /* CollectData.swift */,
				427DE3F820AD51730019BD58 /* Main.storyboard */,
				427DE3FE20AD51730019BD58 /* Assets.xcassets */,
				427DE40020AD51730019BD58 /* LaunchScreen.storyboard */,
				427DE40320AD51730019BD58 /* Info.plist */,
				427DE3FB20AD51730019BD58 /* Project2.xcdatamodeld */,
			);
			path = Project2;
			sourceTree = "<group>";
		};
/* End PBXGroup section */

/* Begin PBXNativeTarget section */
		427DE3F020AD51730019BD58 /* Project2 */ = {
			isa = PBXNativeTarget;
			buildConfigurationList = 427DE40620AD51730019BD58 /* Build configuration list for PBXNativeTarget "Project2" */;
			buildPhases = (
				427DE3ED20AD51730019BD58 /* Sources */,
				427DE3EE20AD51730019BD58 /* Frameworks */,
				427DE3EF20AD51730019BD58 /* Resources */,
			);
			buildRules = (
			);
			dependencies = (
			);
			name = Project2;
			productName = Project2;
			productReference = 427DE3F120AD51730019BD58 /* Project2.app */;
			productType = "com.apple.product-type.application";
		};
/* End PBXNativeTarget section */

/* Begin PBXProject section */
		427DE3E920AD51730019BD58 /* Project object */ = {
			isa = PBXProject;
			attributes = {
				LastSwiftUpdateCheck = 0920;
				LastUpgradeCheck = 0920;
				ORGANIZATIONNAME = "DigitalMedia-2017";
				TargetAttributes = {
					427DE3F020AD51730019BD58 = {
						CreatedOnToolsVersion = 9.2;
						ProvisioningStyle = Automatic;
					};
				};
			};
			buildConfigurationList = 427DE3EC20AD51730019BD58 /* Build configuration list for PBXProject "Project2" */;
			compatibilityVersion = "Xcode 8.0";
			developmentRegion = en;
			hasScannedForEncodings = 0;
			knownRegions = (
				en,
				Base,
			);
			mainGroup = 427DE3E820AD51730019BD58;
			productRefGroup = 427DE3F220AD51730019BD58 /* Products */;
			projectDirPath = "";
			projectRoot = "";
			targets = (
				427DE3F020AD51730019BD58 /* Project2 */,
			);
		};
/* End PBXProject section */

/* Begin PBXResourcesBuildPhase section */
		427DE3EF20AD51730019BD58 /* Resources */ = {
			isa = PBXResourcesBuildPhase;
			buildActionMask = 2147483647;
			files = (
				427DE40220AD51730019BD58 /* LaunchScreen.storyboard in Resources */,
				423C2EB020DEE17500214DE8 /* king.png in Resources */,
				427DE3FA20AD51730019BD58 /* Main.storyboard in Resources */,
				427ABA2220DEDD8D0005F401 /* Assets.xcassets in Resources */,
				429FC51020D9622F00BD07D5 /* logout.png in Resources */,
			);
			runOnlyForDeploymentPostprocessing = 0;
		};
/* End PBXResourcesBuildPhase section */

/* Begin PBXSourcesBuildPhase section */
		427DE3ED20AD51730019BD58 /* Sources */ = {
			isa = PBXSourcesBuildPhase;
			buildActionMask = 2147483647;
			files = (
				427DE41220BC598D0019BD58 /* WorkViewController.swift in Sources */,
				427DE3F520AD51730019BD58 /* AppDelegate.swift in Sources */,
				427DE41C20BC5ABB0019BD58 /* WarnCheckViewController.swift in Sources */,
				429FC50E20D94C9500BD07D5 /* ViewController.swift in Sources */,
				427DE41820BC5A1B0019BD58 /* CollectTableViewController.swift in Sources */,
				427DE42020BC5AF60019BD58 /* CollectCheckViewController.swift in Sources */,
				427ABA1B20DEA4440005F401 /* CollectData.swift in Sources */,
				427DE41420BC59C50019BD58 /* JoinViewController.swift in Sources */,
				427DE3FD20AD51730019BD58 /* Project2.xcdatamodeld in Sources */,
				427DE41A20BC5A980019BD58 /* WarnAddViewController.swift in Sources */,
				429FC51220D995C800BD07D5 /* WarnData.swift in Sources */,
				427DE41620BC59F70019BD58 /* WarnTableViewController.swift in Sources */,
				427DE41E20BC5AD90019BD58 /* CollectAddViewController.swift in Sources */,
			);
			runOnlyForDeploymentPostprocessing = 0;
		};
/* End PBXSourcesBuildPhase section */

/* Begin PBXVariantGroup section */
		427DE3F820AD51730019BD58 /* Main.storyboard */ = {
			isa = PBXVariantGroup;
			children = (
				427DE3F920AD51730019BD58 /* Base */,
			);
			name = Main.storyboard;
			sourceTree = "<group>";
		};
		427DE40020AD51730019BD58 /* LaunchScreen.storyboard */ = {
			isa = PBXVariantGroup;
			children = (
				427DE40120AD51730019BD58 /* Base */,
			);
			name = LaunchScreen.storyboard;
			sourceTree = "<group>";
		};
/* End PBXVariantGroup section */

/* Begin XCBuildConfiguration section */
		427DE40420AD51730019BD58 /* Debug */ = {
			isa = XCBuildConfiguration;
			buildSettings = {
				ALWAYS_SEARCH_USER_PATHS = NO;
				CLANG_ANALYZER_NONNULL = YES;
				CLANG_ANALYZER_NUMBER_OBJECT_CONVERSION = YES_AGGRESSIVE;
				CLANG_CXX_LANGUAGE_STANDARD = "gnu++14";
				CLANG_CXX_LIBRARY = "libc++";
				CLANG_ENABLE_MODULES = YES;
				CLANG_ENABLE_OBJC_ARC = YES;
				CLANG_WARN_BLOCK_CAPTURE_AUTORELEASING = YES;
				CLANG_WARN_BOOL_CONVERSION = YES;
				CLANG_WARN_COMMA = YES;
				CLANG_WARN_CONSTANT_CONVERSION = YES;
				CLANG_WARN_DIRECT_OBJC_ISA_USAGE = YES_ERROR;
				CLANG_WARN_DOCUMENTATION_COMMENTS = YES;
				CLANG_WARN_EMPTY_BODY = YES;
				CLANG_WARN_ENUM_CONVERSION = YES;
				CLANG_WARN_INFINITE_RECURSION = YES;
				CLANG_WARN_INT_CONVERSION = YES;
				CLANG_WARN_NON_LITERAL_NULL_CONVERSION = YES;
				CLANG_WARN_OBJC_LITERAL_CONVERSION = YES;
				CLANG_WARN_OBJC_ROOT_CLASS = YES_ERROR;
				CLANG_WARN_RANGE_LOOP_ANALYSIS = YES;
				CLANG_WARN_STRICT_PROTOTYPES = YES;
				CLANG_WARN_SUSPICIOUS_MOVE = YES;
				CLANG_WARN_UNGUARDED_AVAILABILITY = YES_AGGRESSIVE;
				CLANG_WARN_UNREACHABLE_CODE = YES;
				CLANG_WARN__DUPLICATE_METHOD_MATCH = YES;
				CODE_SIGN_IDENTITY = "iPhone Developer";
				COPY_PHASE_STRIP = NO;
				DEBUG_INFORMATION_FORMAT = dwarf;
				ENABLE_STRICT_OBJC_MSGSEND = YES;
				ENABLE_TESTABILITY = YES;
				GCC_C_LANGUAGE_STANDARD = gnu11;
				GCC_DYNAMIC_NO_PIC = NO;
				GCC_NO_COMMON_BLOCKS = YES;
				GCC_OPTIMIZATION_LEVEL = 0;
				GCC_PREPROCESSOR_DEFINITIONS = (
					"DEBUG=1",
					"$(inherited)",
				);
				GCC_WARN_64_TO_32_BIT_CONVERSION = YES;
				GCC_WARN_ABOUT_RETURN_TYPE = YES_ERROR;
				GCC_WARN_UNDECLARED_SELECTOR = YES;
				GCC_WARN_UNINITIALIZED_AUTOS = YES_AGGRESSIVE;
				GCC_WARN_UNUSED_FUNCTION = YES;
				GCC_WARN_UNUSED_VARIABLE = YES;
				IPHONEOS_DEPLOYMENT_TARGET = 11.2;
				MTL_ENABLE_DEBUG_INFO = YES;
				ONLY_ACTIVE_ARCH = YES;
				SDKROOT = iphoneos;
				SWIFT_ACTIVE_COMPILATION_CONDITIONS = DEBUG;
				SWIFT_OPTIMIZATION_LEVEL = "-Onone";
			};
			name = Debug;
		};
		427DE40520AD51730019BD58 /* Release */ = {
			isa = XCBuildConfiguration;
			buildSettings = {
				ALWAYS_SEARCH_USER_PATHS = NO;
				CLANG_ANALYZER_NONNULL = YES;
				CLANG_ANALYZER_NUMBER_OBJECT_CONVERSION = YES_AGGRESSIVE;
				CLANG_CXX_LANGUAGE_STANDARD = "gnu++14";
				CLANG_CXX_LIBRARY = "libc++";
				CLANG_ENABLE_MODULES = YES;
				CLANG_ENABLE_OBJC_ARC = YES;
				CLANG_WARN_BLOCK_CAPTURE_AUTORELEASING = YES;
				CLANG_WARN_BOOL_CONVERSION = YES;
				CLANG_WARN_COMMA = YES;
				CLANG_WARN_CONSTANT_CONVERSION = YES;
				CLANG_WARN_DIRECT_OBJC_ISA_USAGE = YES_ERROR;
				CLANG_WARN_DOCUMENTATION_COMMENTS = YES;
				CLANG_WARN_EMPTY_BODY = YES;
				CLANG_WARN_ENUM_CONVERSION = YES;
				CLANG_WARN_INFINITE_RECURSION = YES;
				CLANG_WARN_INT_CONVERSION = YES;
				CLANG_WARN_NON_LITERAL_NULL_CONVERSION = YES;
				CLANG_WARN_OBJC_LITERAL_CONVERSION = YES;
				CLANG_WARN_OBJC_ROOT_CLASS = YES_ERROR;
				CLANG_WARN_RANGE_LOOP_ANALYSIS = YES;
				CLANG_WARN_STRICT_PROTOTYPES = YES;
				CLANG_WARN_SUSPICIOUS_MOVE = YES;
				CLANG_WARN_UNGUARDED_AVAILABILITY = YES_AGGRESSIVE;
				CLANG_WARN_UNREACHABLE_CODE = YES;
				CLANG_WARN__DUPLICATE_METHOD_MATCH = YES;
				CODE_SIGN_IDENTITY = "iPhone Developer";
				COPY_PHASE_STRIP = NO;
				DEBUG_INFORMATION_FORMAT = "dwarf-with-dsym";
				ENABLE_NS_ASSERTIONS = NO;
				ENABLE_STRICT_OBJC_MSGSEND = YES;
				GCC_C_LANGUAGE_STANDARD = gnu11;
				GCC_NO_COMMON_BLOCKS = YES;
				GCC_WARN_64_TO_32_BIT_CONVERSION = YES;
				GCC_WARN_ABOUT_RETURN_TYPE = YES_ERROR;
				GCC_WARN_UNDECLARED_SELECTOR = YES;
				GCC_WARN_UNINITIALIZED_AUTOS = YES_AGGRESSIVE;
				GCC_WARN_UNUSED_FUNCTION = YES;
				GCC_WARN_UNUSED_VARIABLE = YES;
				IPHONEOS_DEPLOYMENT_TARGET = 11.2;
				MTL_ENABLE_DEBUG_INFO = NO;
				SDKROOT = iphoneos;
				SWIFT_OPTIMIZATION_LEVEL = "-Owholemodule";
				VALIDATE_PRODUCT = YES;
			};
			name = Release;
		};
		427DE40720AD51730019BD58 /* Debug */ = {
			isa = XCBuildConfiguration;
			buildSettings = {
				ASSETCATALOG_COMPILER_APPICON_NAME = AppIcon;
				CODE_SIGN_STYLE = Automatic;
				INFOPLIST_FILE = Project2/Info.plist;
				LD_RUNPATH_SEARCH_PATHS = "$(inherited) @executable_path/Frameworks";
				PRODUCT_BUNDLE_IDENTIFIER = swu.ac.kr.Project2;
				PRODUCT_NAME = "$(TARGET_NAME)";
				SWIFT_VERSION = 4.0;
				TARGETED_DEVICE_FAMILY = "1,2";
			};
			name = Debug;
		};
		427DE40820AD51730019BD58 /* Release */ = {
			isa = XCBuildConfiguration;
			buildSettings = {
				ASSETCATALOG_COMPILER_APPICON_NAME = AppIcon;
				CODE_SIGN_STYLE = Automatic;
				INFOPLIST_FILE = Project2/Info.plist;
				LD_RUNPATH_SEARCH_PATHS = "$(inherited) @executable_path/Frameworks";
				PRODUCT_BUNDLE_IDENTIFIER = swu.ac.kr.Project2;
				PRODUCT_NAME = "$(TARGET_NAME)";
				SWIFT_VERSION = 4.0;
				TARGETED_DEVICE_FAMILY = "1,2";
			};
			name = Release;
		};
/* End XCBuildConfiguration section */

/* Begin XCConfigurationList section */
		427DE3EC20AD51730019BD58 /* Build configuration list for PBXProject "Project2" */ = {
			isa = XCConfigurationList;
			buildConfigurations = (
				427DE40420AD51730019BD58 /* Debug */,
				427DE40520AD51730019BD58 /* Release */,
			);
			defaultConfigurationIsVisible = 0;
			defaultConfigurationName = Release;
		};
		427DE40620AD51730019BD58 /* Build configuration list for PBXNativeTarget "Project2" */ = {
			isa = XCConfigurationList;
			buildConfigurations = (
				427DE40720AD51730019BD58 /* Debug */,
				427DE40820AD51730019BD58 /* Release */,
			);
			defaultConfigurationIsVisible = 0;
			defaultConfigurationName = Release;
		};
/* End XCConfigurationList section */

/* Begin XCVersionGroup section */
		427DE3FB20AD51730019BD58 /* Project2.xcdatamodeld */ = {
			isa = XCVersionGroup;
			children = (
				427DE3FC20AD51730019BD58 /* Project2.xcdatamodel */,
			);
			currentVersion = 427DE3FC20AD51730019BD58 /* Project2.xcdatamodel */;
			path = Project2.xcdatamodeld;
			sourceTree = "<group>";
			versionGroupType = wrapper.xcdatamodel;
		};
/* End XCVersionGroup section */
	};
	rootObject = 427DE3E920AD51730019BD58 /* Project object */;
}
